
Microsoft Visual Studio Solution File, Format Version 12.00
# Visual Studio Version 16
VisualStudioVersion = 16.0.30517.126
MinimumVisualStudioVersion = 10.0.40219.1
Project("{FAE04EC0-301F-11D3-BF4B-00C04F79EFBC}") = "EjemplosEstructurasDatos", "EjemplosEstructurasDatos.csproj", "{48C575A7-B115-42E2-A800-6D05B6259474}"
EndProject
Project("{FAE04EC0-301F-11D3-BF4B-00C04F79EFBC}") = "Estructuras", "..\Estructuras\Estructuras.csproj", "{7BCB484A-4C8F-4E08-9821-9258D75A8950}"
EndProject
Global
	GlobalSection(SolutionConfigurationPlatforms) = preSolution
		Debug|Any CPU = Debug|Any CPU
		Release|Any CPU = Release|Any CPU
	EndGlobalSection
	GlobalSection(ProjectConfigurationPlatforms) = postSolution
		{48C575A7-B115-42E2-A800-6D05B6259474}.Debug|Any CPU.ActiveCfg = Debug|Any CPU
		{48C575A7-B115-42E2-A800-6D05B6259474}.Debug|Any CPU.Build.0 = Debug|Any CPU
		{48C575A7-B115-42E2-A800-6D05B6259474}.Release|Any CPU.ActiveCfg = Release|Any CPU
		{48C575A7-B115-42E2-A800-6D05B6259474}.Release|Any CPU.Build.0 = Release|Any CPU
		{7BCB484A-4C8F-4E08-9821-9258D75A8950}.Debug|Any CPU.ActiveCfg = Debug|Any CPU
		{7BCB484A-4C8F-4E08-9821-9258D75A8950}.Debug|Any CPU.Build.0 = Debug|Any CPU
		{7BCB484A-4C8F-4E08-9821-9258D75A8950}.Release|Any CPU.ActiveCfg = Release|Any CPU
		{7BCB484A-4C8F-4E08-9821-9258D75A8950}.Release|Any CPU.Build.0 = Release|Any CPU
	EndGlobalSection
	GlobalSection(SolutionProperties) = preSolution
		HideSolutionNode = FALSE
	EndGlobalSection
	GlobalSection(ExtensibilityGlobals) = postSolution
		SolutionGuid = {0860613E-1A71-489E-A2EC-16312905B3F1}
	EndGlobalSection
EndGlobal
